// !$*UTF8*$!
{
	archiveVersion = 1;
	classes = {
	};
	objectVersion = 46;
	objects = {

/* Begin PBXBuildFile section */
		75BA49AD19A7BF8D00AAF641 /* Foundation.framework in Frameworks */ = {isa = PBXBuildFile; fileRef = 75BA49AC19A7BF8D00AAF641 /* Foundation.framework */; };
		75BA49AF19A7BF8D00AAF641 /* CoreGraphics.framework in Frameworks */ = {isa = PBXBuildFile; fileRef = 75BA49AE19A7BF8D00AAF641 /* CoreGraphics.framework */; };
		75BA49B119A7BF8D00AAF641 /* UIKit.framework in Frameworks */ = {isa = PBXBuildFile; fileRef = 75BA49B019A7BF8D00AAF641 /* UIKit.framework */; };
		75BA49B719A7BF8D00AAF641 /* InfoPlist.strings in Resources */ = {isa = PBXBuildFile; fileRef = 75BA49B519A7BF8D00AAF641 /* InfoPlist.strings */; };
		75BA49B919A7BF8D00AAF641 /* main.m in Sources */ = {isa = PBXBuildFile; fileRef = 75BA49B819A7BF8D00AAF641 /* main.m */; };
		75BA49BD19A7BF8D00AAF641 /* AppDelegate.m in Sources */ = {isa = PBXBuildFile; fileRef = 75BA49BC19A7BF8D00AAF641 /* AppDelegate.m */; };
		75BA49C019A7BF8D00AAF641 /* Main.storyboard in Resources */ = {isa = PBXBuildFile; fileRef = 75BA49BE19A7BF8D00AAF641 /* Main.storyboard */; };
		75BA49C319A7BF8D00AAF641 /* ViewController.m in Sources */ = {isa = PBXBuildFile; fileRef = 75BA49C219A7BF8D00AAF641 /* ViewController.m */; };
		75BA49C519A7BF8D00AAF641 /* Images.xcassets in Resources */ = {isa = PBXBuildFile; fileRef = 75BA49C419A7BF8D00AAF641 /* Images.xcassets */; };
		75BA49CC19A7BF8D00AAF641 /* XCTest.framework in Frameworks */ = {isa = PBXBuildFile; fileRef = 75BA49CB19A7BF8D00AAF641 /* XCTest.framework */; };
		75BA49CD19A7BF8D00AAF641 /* Foundation.framework in Frameworks */ = {isa = PBXBuildFile; fileRef = 75BA49AC19A7BF8D00AAF641 /* Foundation.framework */; };
		75BA49CE19A7BF8D00AAF641 /* UIKit.framework in Frameworks */ = {isa = PBXBuildFile; fileRef = 75BA49B019A7BF8D00AAF641 /* UIKit.framework */; };
		75BA49D619A7BF8D00AAF641 /* InfoPlist.strings in Resources */ = {isa = PBXBuildFile; fileRef = 75BA49D419A7BF8D00AAF641 /* InfoPlist.strings */; };
		75BA49D819A7BF8D00AAF641 /* WallPaperBrowserTests.m in Sources */ = {isa = PBXBuildFile; fileRef = 75BA49D719A7BF8D00AAF641 /* WallPaperBrowserTests.m */; };
		75BA49EE19A7C1A600AAF641 /* 01.jpg in Resources */ = {isa = PBXBuildFile; fileRef = 75BA49E219A7C1A600AAF641 /* 01.jpg */; };
		75BA49EF19A7C1A600AAF641 /* 02.jpg in Resources */ = {isa = PBXBuildFile; fileRef = 75BA49E319A7C1A600AAF641 /* 02.jpg */; };
		75BA49F019A7C1A600AAF641 /* 03.jpg in Resources */ = {isa = PBXBuildFile; fileRef = 75BA49E419A7C1A600AAF641 /* 03.jpg */; };
		75BA49F119A7C1A600AAF641 /* 04.jpg in Resources */ = {isa = PBXBuildFile; fileRef = 75BA49E519A7C1A600AAF641 /* 04.jpg */; };
		75BA49F219A7C1A600AAF641 /* 05.jpg in Resources */ = {isa = PBXBuildFile; fileRef = 75BA49E619A7C1A600AAF641 /* 05.jpg */; };
		75BA49F319A7C1A600AAF641 /* 06.jpg in Resources */ = {isa = PBXBuildFile; fileRef = 75BA49E719A7C1A600AAF641 /* 06.jpg */; };
		75BA49F419A7C1A600AAF641 /* 07.jpg in Resources */ = {isa = PBXBuildFile; fileRef = 75BA49E819A7C1A600AAF641 /* 07.jpg */; };
		75BA49F519A7C1A600AAF641 /* 08.jpg in Resources */ = {isa = PBXBuildFile; fileRef = 75BA49E919A7C1A600AAF641 /* 08.jpg */; };
		75BA49F619A7C1A600AAF641 /* 09.jpg in Resources */ = {isa = PBXBuildFile; fileRef = 75BA49EA19A7C1A600AAF641 /* 09.jpg */; };
		75BA49F719A7C1A600AAF641 /* 10.jpg in Resources */ = {isa = PBXBuildFile; fileRef = 75BA49EB19A7C1A600AAF641 /* 10.jpg */; };
		75BA49F819A7C1A600AAF641 /* 11.jpg in Resources */ = {isa = PBXBuildFile; fileRef = 75BA49EC19A7C1A600AAF641 /* 11.jpg */; };
		75BA49F919A7C1A600AAF641 /* 12.jpg in Resources */ = {isa = PBXBuildFile; fileRef = 75BA49ED19A7C1A600AAF641 /* 12.jpg */; };
		75BA49FC19A7C65900AAF641 /* PaperViewController.m in Sources */ = {isa = PBXBuildFile; fileRef = 75BA49FB19A7C65900AAF641 /* PaperViewController.m */; };
/* End PBXBuildFile section */

/* Begin PBXContainerItemProxy section */
		75BA49CF19A7BF8D00AAF641 /* PBXContainerItemProxy */ = {
			isa = PBXContainerItemProxy;
			containerPortal = 75BA49A119A7BF8D00AAF641 /* Project object */;
			proxyType = 1;
			remoteGlobalIDString = 75BA49A819A7BF8D00AAF641;
			remoteInfo = WallPaperBrowser;
		};
/* End PBXContainerItemProxy section */

/* Begin PBXFileReference section */
		75BA49A919A7BF8D00AAF641 /* WallPaperBrowser.app */ = {isa = PBXFileReference; explicitFileType = wrapper.application; includeInIndex = 0; path = WallPaperBrowser.app; sourceTree = BUILT_PRODUCTS_DIR; };
		75BA49AC19A7BF8D00AAF641 /* Foundation.framework */ = {isa = PBXFileReference; lastKnownFileType = wrapper.framework; name = Foundation.framework; path = System/Library/Frameworks/Foundation.framework; sourceTree = SDKROOT; };
		75BA49AE19A7BF8D00AAF641 /* CoreGraphics.framework */ = {isa = PBXFileReference; lastKnownFileType = wrapper.framework; name = CoreGraphics.framework; path = System/Library/Frameworks/CoreGraphics.framework; sourceTree = SDKROOT; };
		75BA49B019A7BF8D00AAF641 /* UIKit.framework */ = {isa = PBXFileReference; lastKnownFileType = wrapper.framework; name = UIKit.framework; path = System/Library/Frameworks/UIKit.framework; sourceTree = SDKROOT; };
		75BA49B419A7BF8D00AAF641 /* WallPaperBrowser-Info.plist */ = {isa = PBXFileReference; lastKnownFileType = text.plist.xml; path = "WallPaperBrowser-Info.plist"; sourceTree = "<group>"; };
		75BA49B619A7BF8D00AAF641 /* en */ = {isa = PBXFileReference; lastKnownFileType = text.plist.strings; name = en; path = en.lproj/InfoPlist.strings; sourceTree = "<group>"; };
		75BA49B819A7BF8D00AAF641 /* main.m */ = {isa = PBXFileReference; lastKnownFileType = sourcecode.c.objc; path = main.m; sourceTree = "<group>"; };
		75BA49BA19A7BF8D00AAF641 /* WallPaperBrowser-Prefix.pch */ = {isa = PBXFileReference; lastKnownFileType = sourcecode.c.h; path = "WallPaperBrowser-Prefix.pch"; sourceTree = "<group>"; };
		75BA49BB19A7BF8D00AAF641 /* AppDelegate.h */ = {isa = PBXFileReference; lastKnownFileType = sourcecode.c.h; path = AppDelegate.h; sourceTree = "<group>"; };
		75BA49BC19A7BF8D00AAF641 /* AppDelegate.m */ = {isa = PBXFileReference; lastKnownFileType = sourcecode.c.objc; path = AppDelegate.m; sourceTree = "<group>"; };
		75BA49BF19A7BF8D00AAF641 /* Base */ = {isa = PBXFileReference; lastKnownFileType = file.storyboard; name = Base; path = Base.lproj/Main.storyboard; sourceTree = "<group>"; };
		75BA49C119A7BF8D00AAF641 /* ViewController.h */ = {isa = PBXFileReference; lastKnownFileType = sourcecode.c.h; path = ViewController.h; sourceTree = "<group>"; };
		75BA49C219A7BF8D00AAF641 /* ViewController.m */ = {isa = PBXFileReference; lastKnownFileType = sourcecode.c.objc; path = ViewController.m; sourceTree = "<group>"; };
		75BA49C419A7BF8D00AAF641 /* Images.xcassets */ = {isa = PBXFileReference; lastKnownFileType = folder.assetcatalog; path = Images.xcassets; sourceTree = "<group>"; };
		75BA49CA19A7BF8D00AAF641 /* WallPaperBrowserTests.xctest */ = {isa = PBXFileReference; explicitFileType = wrapper.cfbundle; includeInIndex = 0; path = WallPaperBrowserTests.xctest; sourceTree = BUILT_PRODUCTS_DIR; };
		75BA49CB19A7BF8D00AAF641 /* XCTest.framework */ = {isa = PBXFileReference; lastKnownFileType = wrapper.framework; name = XCTest.framework; path = Library/Frameworks/XCTest.framework; sourceTree = DEVELOPER_DIR; };
		75BA49D319A7BF8D00AAF641 /* WallPaperBrowserTests-Info.plist */ = {isa = PBXFileReference; lastKnownFileType = text.plist.xml; path = "WallPaperBrowserTests-Info.plist"; sourceTree = "<group>"; };
		75BA49D519A7BF8D00AAF641 /* en */ = {isa = PBXFileReference; lastKnownFileType = text.plist.strings; name = en; path = en.lproj/InfoPlist.strings; sourceTree = "<group>"; };
		75BA49D719A7BF8D00AAF641 /* WallPaperBrowserTests.m */ = {isa = PBXFileReference; lastKnownFileType = sourcecode.c.objc; path = WallPaperBrowserTests.m; sourceTree = "<group>"; };
		75BA49E219A7C1A600AAF641 /* 01.jpg */ = {isa = PBXFileReference; lastKnownFileType = image.jpeg; path = 01.jpg; sourceTree = "<group>"; };
		75BA49E319A7C1A600AAF641 /* 02.jpg */ = {isa = PBXFileReference; lastKnownFileType = image.jpeg; path = 02.jpg; sourceTree = "<group>"; };
		75BA49E419A7C1A600AAF641 /* 03.jpg */ = {isa = PBXFileReference; lastKnownFileType = image.jpeg; path = 03.jpg; sourceTree = "<group>"; };
		75BA49E519A7C1A600AAF641 /* 04.jpg */ = {isa = PBXFileReference; lastKnownFileType = image.jpeg; path = 04.jpg; sourceTree = "<group>"; };
		75BA49E619A7C1A600AAF641 /* 05.jpg */ = {isa = PBXFileReference; lastKnownFileType = image.jpeg; path = 05.jpg; sourceTree = "<group>"; };
		75BA49E719A7C1A600AAF641 /* 06.jpg */ = {isa = PBXFileReference; lastKnownFileType = image.jpeg; path = 06.jpg; sourceTree = "<group>"; };
		75BA49E819A7C1A600AAF641 /* 07.jpg */ = {isa = PBXFileReference; lastKnownFileType = image.jpeg; path = 07.jpg; sourceTree = "<group>"; };
		75BA49E919A7C1A600AAF641 /* 08.jpg */ = {isa = PBXFileReference; lastKnownFileType = image.jpeg; path = 08.jpg; sourceTree = "<group>"; };
		75BA49EA19A7C1A600AAF641 /* 09.jpg */ = {isa = PBXFileReference; lastKnownFileType = image.jpeg; path = 09.jpg; sourceTree = "<group>"; };
		75BA49EB19A7C1A600AAF641 /* 10.jpg */ = {isa = PBXFileReference; lastKnownFileType = image.jpeg; path = 10.jpg; sourceTree = "<group>"; };
		75BA49EC19A7C1A600AAF641 /* 11.jpg */ = {isa = PBXFileReference; lastKnownFileType = image.jpeg; path = 11.jpg; sourceTree = "<group>"; };
		75BA49ED19A7C1A600AAF641 /* 12.jpg */ = {isa = PBXFileReference; lastKnownFileType = image.jpeg; path = 12.jpg; sourceTree = "<group>"; };
		75BA49FA19A7C65900AAF641 /* PaperViewController.h */ = {isa = PBXFileReference; fileEncoding = 4; lastKnownFileType = sourcecode.c.h; path = PaperViewController.h; sourceTree = "<group>"; };
		75BA49FB19A7C65900AAF641 /* PaperViewController.m */ = {isa = PBXFileReference; fileEncoding = 4; lastKnownFileType = sourcecode.c.objc; path = PaperViewController.m; sourceTree = "<group>"; };
/* End PBXFileReference section */

/* Begin PBXFrameworksBuildPhase section */
		75BA49A619A7BF8D00AAF641 /* Frameworks */ = {
			isa = PBXFrameworksBuildPhase;
			buildActionMask = 2147483647;
			files = (
				75BA49AF19A7BF8D00AAF641 /* CoreGraphics.framework in Frameworks */,
				75BA49B119A7BF8D00AAF641 /* UIKit.framework in Frameworks */,
				75BA49AD19A7BF8D00AAF641 /* Foundation.framework in Frameworks */,
			);
			runOnlyForDeploymentPostprocessing = 0;
		};
		75BA49C719A7BF8D00AAF641 /* Frameworks */ = {
			isa = PBXFrameworksBuildPhase;
			buildActionMask = 2147483647;
			files = (
				75BA49CC19A7BF8D00AAF641 /* XCTest.framework in Frameworks */,
				75BA49CE19A7BF8D00AAF641 /* UIKit.framework in Frameworks */,
				75BA49CD19A7BF8D00AAF641 /* Foundation.framework in Frameworks */,
			);
			runOnlyForDeploymentPostprocessing = 0;
		};
/* End PBXFrameworksBuildPhase section */

/* Begin PBXGroup section */
		75BA49A019A7BF8D00AAF641 = {
			isa = PBXGroup;
			children = (
				75BA49B219A7BF8D00AAF641 /* WallPaperBrowser */,
				75BA49D119A7BF8D00AAF641 /* WallPaperBrowserTests */,
				75BA49AB19A7BF8D00AAF641 /* Frameworks */,
				75BA49AA19A7BF8D00AAF641 /* Products */,
			);
			sourceTree = "<group>";
		};
		75BA49AA19A7BF8D00AAF641 /* Products */ = {
			isa = PBXGroup;
			children = (
				75BA49A919A7BF8D00AAF641 /* WallPaperBrowser.app */,
				75BA49CA19A7BF8D00AAF641 /* WallPaperBrowserTests.xctest */,
			);
			name = Products;
			sourceTree = "<group>";
		};
		75BA49AB19A7BF8D00AAF641 /* Frameworks */ = {
			isa = PBXGroup;
			children = (
				75BA49AC19A7BF8D00AAF641 /* Foundation.framework */,
				75BA49AE19A7BF8D00AAF641 /* CoreGraphics.framework */,
				75BA49B019A7BF8D00AAF641 /* UIKit.framework */,
				75BA49CB19A7BF8D00AAF641 /* XCTest.framework */,
			);
			name = Frameworks;
			sourceTree = "<group>";
		};
		75BA49B219A7BF8D00AAF641 /* WallPaperBrowser */ = {
			isa = PBXGroup;
			children = (
				75BA49E119A7C1A600AAF641 /* Art */,
				75BA49BB19A7BF8D00AAF641 /* AppDelegate.h */,
				75BA49BC19A7BF8D00AAF641 /* AppDelegate.m */,
				75BA49BE19A7BF8D00AAF641 /* Main.storyboard */,
				75BA49FA19A7C65900AAF641 /* PaperViewController.h */,
				75BA49FB19A7C65900AAF641 /* PaperViewController.m */,
				75BA49C119A7BF8D00AAF641 /* ViewController.h */,
				75BA49C219A7BF8D00AAF641 /* ViewController.m */,
				75BA49C419A7BF8D00AAF641 /* Images.xcassets */,
				75BA49B319A7BF8D00AAF641 /* Supporting Files */,
			);
			path = WallPaperBrowser;
			sourceTree = "<group>";
		};
		75BA49B319A7BF8D00AAF641 /* Supporting Files */ = {
			isa = PBXGroup;
			children = (
				75BA49B419A7BF8D00AAF641 /* WallPaperBrowser-Info.plist */,
				75BA49B519A7BF8D00AAF641 /* InfoPlist.strings */,
				75BA49B819A7BF8D00AAF641 /* main.m */,
				75BA49BA19A7BF8D00AAF641 /* WallPaperBrowser-Prefix.pch */,
			);
			name = "Supporting Files";
			sourceTree = "<group>";
		};
		75BA49D119A7BF8D00AAF641 /* WallPaperBrowserTests */ = {
			isa = PBXGroup;
			children = (
				75BA49D719A7BF8D00AAF641 /* WallPaperBrowserTests.m */,
				75BA49D219A7BF8D00AAF641 /* Supporting Files */,
			);
			path = WallPaperBrowserTests;
			sourceTree = "<group>";
		};
		75BA49D219A7BF8D00AAF641 /* Supporting Files */ = {
			isa = PBXGroup;
			children = (
				75BA49D319A7BF8D00AAF641 /* WallPaperBrowserTests-Info.plist */,
				75BA49D419A7BF8D00AAF641 /* InfoPlist.strings */,
			);
			name = "Supporting Files";
			sourceTree = "<group>";
		};
		75BA49E119A7C1A600AAF641 /* Art */ = {
			isa = PBXGroup;
			children = (
				75BA49E219A7C1A600AAF641 /* 01.jpg */,
				75BA49E319A7C1A600AAF641 /* 02.jpg */,
				75BA49E419A7C1A600AAF641 /* 03.jpg */,
				75BA49E519A7C1A600AAF641 /* 04.jpg */,
				75BA49E619A7C1A600AAF641 /* 05.jpg */,
				75BA49E719A7C1A600AAF641 /* 06.jpg */,
				75BA49E819A7C1A600AAF641 /* 07.jpg */,
				75BA49E919A7C1A600AAF641 /* 08.jpg */,
				75BA49EA19A7C1A600AAF641 /* 09.jpg */,
				75BA49EB19A7C1A600AAF641 /* 10.jpg */,
				75BA49EC19A7C1A600AAF641 /* 11.jpg */,
				75BA49ED19A7C1A600AAF641 /* 12.jpg */,
			);
			path = Art;
			sourceTree = "<group>";
		};
/* End PBXGroup section */

/* Begin PBXNativeTarget section */
		75BA49A819A7BF8D00AAF641 /* WallPaperBrowser */ = {
			isa = PBXNativeTarget;
			buildConfigurationList = 75BA49DB19A7BF8D00AAF641 /* Build configuration list for PBXNativeTarget "WallPaperBrowser" */;
			buildPhases = (
				75BA49A519A7BF8D00AAF641 /* Sources */,
				75BA49A619A7BF8D00AAF641 /* Frameworks */,
				75BA49A719A7BF8D00AAF641 /* Resources */,
			);
			buildRules = (
			);
			dependencies = (
			);
			name = WallPaperBrowser;
			productName = WallPaperBrowser;
			productReference = 75BA49A919A7BF8D00AAF641 /* WallPaperBrowser.app */;
			productType = "com.apple.product-type.application";
		};
		75BA49C919A7BF8D00AAF641 /* WallPaperBrowserTests */ = {
			isa = PBXNativeTarget;
			buildConfigurationList = 75BA49DE19A7BF8D00AAF641 /* Build configuration list for PBXNativeTarget "WallPaperBrowserTests" */;
			buildPhases = (
				75BA49C619A7BF8D00AAF641 /* Sources */,
				75BA49C719A7BF8D00AAF641 /* Frameworks */,
				75BA49C819A7BF8D00AAF641 /* Resources */,
			);
			buildRules = (
			);
			dependencies = (
				75BA49D019A7BF8D00AAF641 /* PBXTargetDependency */,
			);
			name = WallPaperBrowserTests;
			productName = WallPaperBrowserTests;
			productReference = 75BA49CA19A7BF8D00AAF641 /* WallPaperBrowserTests.xctest */;
			productType = "com.apple.product-type.bundle.unit-test";
		};
/* End PBXNativeTarget section */

/* Begin PBXProject section */
		75BA49A119A7BF8D00AAF641 /* Project object */ = {
			isa = PBXProject;
			attributes = {
				LastUpgradeCheck = 0510;
				ORGANIZATIONNAME = "___FULLUSERNAME___";
				TargetAttributes = {
					75BA49C919A7BF8D00AAF641 = {
						TestTargetID = 75BA49A819A7BF8D00AAF641;
					};
				};
			};
			buildConfigurationList = 75BA49A419A7BF8D00AAF641 /* Build configuration list for PBXProject "WallPaperBrowser" */;
			compatibilityVersion = "Xcode 3.2";
			developmentRegion = English;
			hasScannedForEncodings = 0;
			knownRegions = (
				en,
				Base,
			);
			mainGroup = 75BA49A019A7BF8D00AAF641;
			productRefGroup = 75BA49AA19A7BF8D00AAF641 /* Products */;
			projectDirPath = "";
			projectRoot = "";
			targets = (
				75BA49A819A7BF8D00AAF641 /* WallPaperBrowser */,
				75BA49C919A7BF8D00AAF641 /* WallPaperBrowserTests */,
			);
		};
/* End PBXProject section */

/* Begin PBXResourcesBuildPhase section */
		75BA49A719A7BF8D00AAF641 /* Resources */ = {
			isa = PBXResourcesBuildPhase;
			buildActionMask = 2147483647;
			files = (
				75BA49F719A7C1A600AAF641 /* 10.jpg in Resources */,
				75BA49F419A7C1A600AAF641 /* 07.jpg in Resources */,
				75BA49F019A7C1A600AAF641 /* 03.jpg in Resources */,
				75BA49F519A7C1A600AAF641 /* 08.jpg in Resources */,
				75BA49EF19A7C1A600AAF641 /* 02.jpg in Resources */,
				75BA49F919A7C1A600AAF641 /* 12.jpg in Resources */,
				75BA49F819A7C1A600AAF641 /* 11.jpg in Resources */,
				75BA49F219A7C1A600AAF641 /* 05.jpg in Resources */,
				75BA49F319A7C1A600AAF641 /* 06.jpg in Resources */,
				75BA49F619A7C1A600AAF641 /* 09.jpg in Resources */,
				75BA49C519A7BF8D00AAF641 /* Images.xcassets in Resources */,
				75BA49B719A7BF8D00AAF641 /* InfoPlist.strings in Resources */,
				75BA49F119A7C1A600AAF641 /* 04.jpg in Resources */,
				75BA49EE19A7C1A600AAF641 /* 01.jpg in Resources */,
				75BA49C019A7BF8D00AAF641 /* Main.storyboard in Resources */,
			);
			runOnlyForDeploymentPostprocessing = 0;
		};
		75BA49C819A7BF8D00AAF641 /* Resources */ = {
			isa = PBXResourcesBuildPhase;
			buildActionMask = 2147483647;
			files = (
				75BA49D619A7BF8D00AAF641 /* InfoPlist.strings in Resources */,
			);
			runOnlyForDeploymentPostprocessing = 0;
		};
/* End PBXResourcesBuildPhase section */

/* Begin PBXSourcesBuildPhase section */
		75BA49A519A7BF8D00AAF641 /* Sources */ = {
			isa = PBXSourcesBuildPhase;
			buildActionMask = 2147483647;
			files = (
				75BA49C319A7BF8D00AAF641 /* ViewController.m in Sources */,
				75BA49BD19A7BF8D00AAF641 /* AppDelegate.m in Sources */,
				75BA49B919A7BF8D00AAF641 /* main.m in Sources */,
				75BA49FC19A7C65900AAF641 /* PaperViewController.m in Sources */,
			);
			runOnlyForDeploymentPostprocessing = 0;
		};
		75BA49C619A7BF8D00AAF641 /* Sources */ = {
			isa = PBXSourcesBuildPhase;
			buildActionMask = 2147483647;
			files = (
				75BA49D819A7BF8D00AAF641 /* WallPaperBrowserTests.m in Sources */,
			);
			runOnlyForDeploymentPostprocessing = 0;
		};
/* End PBXSourcesBuildPhase section */

/* Begin PBXTargetDependency section */
		75BA49D019A7BF8D00AAF641 /* PBXTargetDependency */ = {
			isa = PBXTargetDependency;
			target = 75BA49A819A7BF8D00AAF641 /* WallPaperBrowser */;
			targetProxy = 75BA49CF19A7BF8D00AAF641 /* PBXContainerItemProxy */;
		};
/* End PBXTargetDependency section */

/* Begin PBXVariantGroup section */
		75BA49B519A7BF8D00AAF641 /* InfoPlist.strings */ = {
			isa = PBXVariantGroup;
			children = (
				75BA49B619A7BF8D00AAF641 /* en */,
			);
			name = InfoPlist.strings;
			sourceTree = "<group>";
		};
		75BA49BE19A7BF8D00AAF641 /* Main.storyboard */ = {
			isa = PBXVariantGroup;
			children = (
				75BA49BF19A7BF8D00AAF641 /* Base */,
			);
			name = Main.storyboard;
			sourceTree = "<group>";
		};
		75BA49D419A7BF8D00AAF641 /* InfoPlist.strings */ = {
			isa = PBXVariantGroup;
			children = (
				75BA49D519A7BF8D00AAF641 /* en */,
			);
			name = InfoPlist.strings;
			sourceTree = "<group>";
		};
/* End PBXVariantGroup section */

/* Begin XCBuildConfiguration section */
		75BA49D919A7BF8D00AAF641 /* Debug */ = {
			isa = XCBuildConfiguration;
			buildSettings = {
				ALWAYS_SEARCH_USER_PATHS = NO;
				CLANG_CXX_LANGUAGE_STANDARD = "gnu++0x";
				CLANG_CXX_LIBRARY = "libc++";
				CLANG_ENABLE_MODULES = YES;
				CLANG_ENABLE_OBJC_ARC = YES;
				CLANG_WARN_BOOL_CONVERSION = YES;
				CLANG_WARN_CONSTANT_CONVERSION = YES;
				CLANG_WARN_DIRECT_OBJC_ISA_USAGE = YES_ERROR;
				CLANG_WARN_EMPTY_BODY = YES;
				CLANG_WARN_ENUM_CONVERSION = YES;
				CLANG_WARN_INT_CONVERSION = YES;
				CLANG_WARN_OBJC_ROOT_CLASS = YES_ERROR;
				CLANG_WARN__DUPLICATE_METHOD_MATCH = YES;
				"CODE_SIGN_IDENTITY[sdk=iphoneos*]" = "iPhone Developer";
				COPY_PHASE_STRIP = NO;
				GCC_C_LANGUAGE_STANDARD = gnu99;
				GCC_DYNAMIC_NO_PIC = NO;
				GCC_OPTIMIZATION_LEVEL = 0;
				GCC_PREPROCESSOR_DEFINITIONS = (
					"DEBUG=1",
					"$(inherited)",
				);
				GCC_SYMBOLS_PRIVATE_EXTERN = NO;
				GCC_WARN_64_TO_32_BIT_CONVERSION = YES;
				GCC_WARN_ABOUT_RETURN_TYPE = YES_ERROR;
				GCC_WARN_UNDECLARED_SELECTOR = YES;
				GCC_WARN_UNINITIALIZED_AUTOS = YES_AGGRESSIVE;
				GCC_WARN_UNUSED_FUNCTION = YES;
				GCC_WARN_UNUSED_VARIABLE = YES;
				IPHONEOS_DEPLOYMENT_TARGET = 7.1;
				ONLY_ACTIVE_ARCH = YES;
				SDKROOT = iphoneos;
			};
			name = Debug;
		};
		75BA49DA19A7BF8D00AAF641 /* Release */ = {
			isa = XCBuildConfiguration;
			buildSettings = {
				ALWAYS_SEARCH_USER_PATHS = NO;
				CLANG_CXX_LANGUAGE_STANDARD = "gnu++0x";
				CLANG_CXX_LIBRARY = "libc++";
				CLANG_ENABLE_MODULES = YES;
				CLANG_ENABLE_OBJC_ARC = YES;
				CLANG_WARN_BOOL_CONVERSION = YES;
				CLANG_WARN_CONSTANT_CONVERSION = YES;
				CLANG_WARN_DIRECT_OBJC_ISA_USAGE = YES_ERROR;
				CLANG_WARN_EMPTY_BODY = YES;
				CLANG_WARN_ENUM_CONVERSION = YES;
				CLANG_WARN_INT_CONVERSION = YES;
				CLANG_WARN_OBJC_ROOT_CLASS = YES_ERROR;
				CLANG_WARN__DUPLICATE_METHOD_MATCH = YES;
				"CODE_SIGN_IDENTITY[sdk=iphoneos*]" = "iPhone Developer";
				COPY_PHASE_STRIP = YES;
				ENABLE_NS_ASSERTIONS = NO;
				GCC_C_LANGUAGE_STANDARD = gnu99;
				GCC_WARN_64_TO_32_BIT_CONVERSION = YES;
				GCC_WARN_ABOUT_RETURN_TYPE = YES_ERROR;
				GCC_WARN_UNDECLARED_SELECTOR = YES;
				GCC_WARN_UNINITIALIZED_AUTOS = YES_AGGRESSIVE;
				GCC_WARN_UNUSED_FUNCTION = YES;
				GCC_WARN_UNUSED_VARIABLE = YES;
				IPHONEOS_DEPLOYMENT_TARGET = 7.1;
				SDKROOT = iphoneos;
				VALIDATE_PRODUCT = YES;
			};
			name = Release;
		};
		75BA49DC19A7BF8D00AAF641 /* Debug */ = {
			isa = XCBuildConfiguration;
			buildSettings = {
				ASSETCATALOG_COMPILER_APPICON_NAME = AppIcon;
				ASSETCATALOG_COMPILER_LAUNCHIMAGE_NAME = LaunchImage;
				GCC_PRECOMPILE_PREFIX_HEADER = YES;
				GCC_PREFIX_HEADER = "WallPaperBrowser/WallPaperBrowser-Prefix.pch";
				INFOPLIST_FILE = "WallPaperBrowser/WallPaperBrowser-Info.plist";
				PRODUCT_NAME = "$(TARGET_NAME)";
				WRAPPER_EXTENSION = app;
			};
			name = Debug;
		};
		75BA49DD19A7BF8D00AAF641 /* Release */ = {
			isa = XCBuildConfiguration;
			buildSettings = {
				ASSETCATALOG_COMPILER_APPICON_NAME = AppIcon;
				ASSETCATALOG_COMPILER_LAUNCHIMAGE_NAME = LaunchImage;
				GCC_PRECOMPILE_PREFIX_HEADER = YES;
				GCC_PREFIX_HEADER = "WallPaperBrowser/WallPaperBrowser-Prefix.pch";
				INFOPLIST_FILE = "WallPaperBrowser/WallPaperBrowser-Info.plist";
				PRODUCT_NAME = "$(TARGET_NAME)";
				WRAPPER_EXTENSION = app;
			};
			name = Release;
		};
		75BA49DF19A7BF8D00AAF641 /* Debug */ = {
			isa = XCBuildConfiguration;
			buildSettings = {
				BUNDLE_LOADER = "$(BUILT_PRODUCTS_DIR)/WallPaperBrowser.app/WallPaperBrowser";
				FRAMEWORK_SEARCH_PATHS = (
					"$(SDKROOT)/Developer/Library/Frameworks",
					"$(inherited)",
					"$(DEVELOPER_FRAMEWORKS_DIR)",
				);
				GCC_PRECOMPILE_PREFIX_HEADER = YES;
				GCC_PREFIX_HEADER = "WallPaperBrowser/WallPaperBrowser-Prefix.pch";
				GCC_PREPROCESSOR_DEFINITIONS = (
					"DEBUG=1",
					"$(inherited)",
				);
				INFOPLIST_FILE = "WallPaperBrowserTests/WallPaperBrowserTests-Info.plist";
				PRODUCT_NAME = "$(TARGET_NAME)";
				TEST_HOST = "$(BUNDLE_LOADER)";
				WRAPPER_EXTENSION = xctest;
			};
			name = Debug;
		};
		75BA49E019A7BF8D00AAF641 /* Release */ = {
			isa = XCBuildConfiguration;
			buildSettings = {
				BUNDLE_LOADER = "$(BUILT_PRODUCTS_DIR)/WallPaperBrowser.app/WallPaperBrowser";
				FRAMEWORK_SEARCH_PATHS = (
					"$(SDKROOT)/Developer/Library/Frameworks",
					"$(inherited)",
					"$(DEVELOPER_FRAMEWORKS_DIR)",
				);
				GCC_PRECOMPILE_PREFIX_HEADER = YES;
				GCC_PREFIX_HEADER = "WallPaperBrowser/WallPaperBrowser-Prefix.pch";
				INFOPLIST_FILE = "WallPaperBrowserTests/WallPaperBrowserTests-Info.plist";
				PRODUCT_NAME = "$(TARGET_NAME)";
				TEST_HOST = "$(BUNDLE_LOADER)";
				WRAPPER_EXTENSION = xctest;
			};
			name = Release;
		};
/* End XCBuildConfiguration section */

/* Begin XCConfigurationList section */
		75BA49A419A7BF8D00AAF641 /* Build configuration list for PBXProject "WallPaperBrowser" */ = {
			isa = XCConfigurationList;
			buildConfigurations = (
				75BA49D919A7BF8D00AAF641 /* Debug */,
				75BA49DA19A7BF8D00AAF641 /* Release */,
			);
			defaultConfigurationIsVisible = 0;
			defaultConfigurationName = Release;
		};
		75BA49DB19A7BF8D00AAF641 /* Build configuration list for PBXNativeTarget "WallPaperBrowser" */ = {
			isa = XCConfigurationList;
			buildConfigurations = (
				75BA49DC19A7BF8D00AAF641 /* Debug */,
				75BA49DD19A7BF8D00AAF641 /* Release */,
			);
			defaultConfigurationIsVisible = 0;
		};
		75BA49DE19A7BF8D00AAF641 /* Build configuration list for PBXNativeTarget "WallPaperBrowserTests" */ = {
			isa = XCConfigurationList;
			buildConfigurations = (
				75BA49DF19A7BF8D00AAF641 /* Debug */,
				75BA49E019A7BF8D00AAF641 /* Release */,
			);
			defaultConfigurationIsVisible = 0;
		};
/* End XCConfigurationList section */
	};
	rootObject = 75BA49A119A7BF8D00AAF641 /* Project object */;
}
